
Microsoft Visual Studio Solution File, Format Version 12.00
# Visual Studio 2012
Project("{FAE04EC0-301F-11D3-BF4B-00C04F79EFBC}") = "GEditor_ENG", "GEditor_ENG\GEditor_ENG.csproj", "{DA181224-D579-4176-85A4-AE589637A565}"
EndProject
Global
	GlobalSection(SolutionConfigurationPlatforms) = preSolution
		Debug|Any CPU = Debug|Any CPU
		Release|Any CPU = Release|Any CPU
	EndGlobalSection
	GlobalSection(ProjectConfigurationPlatforms) = postSolution
		{DA181224-D579-4176-85A4-AE589637A565}.Debug|Any CPU.ActiveCfg = Debug|Any CPU
		{DA181224-D579-4176-85A4-AE589637A565}.Debug|Any CPU.Build.0 = Debug|Any CPU
		{DA181224-D579-4176-85A4-AE589637A565}.Release|Any CPU.ActiveCfg = Release|Any CPU
		{DA181224-D579-4176-85A4-AE589637A565}.Release|Any CPU.Build.0 = Release|Any CPU
	EndGlobalSection
	GlobalSection(SolutionProperties) = preSolution
		HideSolutionNode = FALSE
	EndGlobalSection
EndGlobal
